{
  "nodes": {
    "nixpkgs": {
      "locked": {
        "lastModified": 1753489912,
        "narHash": "sha256-uDCFHeXdRIgJpYmtcUxGEsZ+hYlLPBhR83fdU+vbC1s=",
        "rev": "13e8d35b7d6028b7198f8186bc0347c6abaa2701",
        "revCount": 807117,
        "type": "tarball",
        "url": "https://api.flakehub.com/f/pinned/NixOS/nixpkgs/0.2505.807117%2Brev-13e8d35b7d6028b7198f8186bc0347c6abaa2701/0198521f-ea34-74ff-8d51-3e0180a60d94/source.tar.gz"
      },
      "original": {
        "type": "tarball",
        "url": "https://flakehub.com/f/NixOS/nixpkgs/0"
      }
    },
    "nixpkgs_2": {
      "locked": {
        "lastModified": 1744536153,
        "narHash": "sha256-awS2zRgF4uTwrOKwwiJcByDzDOdo3Q1rPZbiHQg/N38=",
        "owner": "NixOS",
        "repo": "nixpkgs",
        "rev": "18dd725c29603f582cf1900e0d25f9f1063dbf11",
        "type": "github"
      },
      "original": {
        "owner": "NixOS",
        "ref": "nixpkgs-unstable",
        "repo": "nixpkgs",
        "type": "github"
      }
    },
    "root": {
      "inputs": {
        "nixpkgs": "nixpkgs",
        "rust-overlay": "rust-overlay"
      }
    },
    "rust-overlay": {
      "inputs": {
        "nixpkgs": "nixpkgs_2"
      },
      "locked": {
        "lastModified": 1753411536,
        "narHash": "sha256-lm88KTYlhsh5usJLGlWQbG4HWWr2FdO26TSssCw6Wdg=",
        "rev": "7ae12d14d6bb74acfadf31e17a204d928eaf77b8",
        "revCount": 1860,
        "type": "tarball",
        "url": "https://api.flakehub.com/f/pinned/oxalica/rust-overlay/0.1.1860%2Brev-7ae12d14d6bb74acfadf31e17a204d928eaf77b8/0198401c-14b7-7616-a7ea-baa5ca9ef7fa/source.tar.gz"
      },
      "original": {
        "type": "tarball",
        "url": "https://flakehub.com/f/oxalica/rust-overlay/%2A"
      }
    }
  },
  "root": "root",
  "version": 7
}
